{
  "version": 4,
  "terraform_version": "1.9.8",
  "serial": 16,
  "lineage": "0c5a9def-46af-eb73-1ab4-637e7073bba4",
  "outputs": {
    "resource_group_name": {
      "value": "rg-example-devops",
      "type": "string"
    },
    "web_app_url": {
      "value": "webapp-example-devops.azurewebsites.net",
      "type": "string"
    }
  },
  "resources": [
    {
      "mode": "managed",
      "type": "azurerm_linux_web_app",
      "name": "example",
      "provider": "provider[\"registry.terraform.io/hashicorp/azurerm\"]",
      "instances": [
        {
          "schema_version": 1,
          "attributes": {
            "app_settings": null,
            "auth_settings": [],
            "auth_settings_v2": [],
            "backup": [],
            "client_affinity_enabled": false,
            "client_certificate_enabled": false,
            "client_certificate_exclusion_paths": "",
            "client_certificate_mode": "Required",
            "connection_string": [],
            "custom_domain_verification_id": "1F4ED04AB600F93CCC7814D942285FC72149232BA6520B369DDB3A5E0FB6D473",
            "default_hostname": "webapp-example-devops.azurewebsites.net",
            "enabled": true,
            "ftp_publish_basic_authentication_enabled": true,
            "hosting_environment_id": "",
            "https_only": false,
            "id": "/subscriptions/7d77165f-feea-4fc6-8663-f82441d45873/resourceGroups/rg-example-devops/providers/Microsoft.Web/sites/webapp-example-devops",
            "identity": [],
            "key_vault_reference_identity_id": "SystemAssigned",
            "kind": "app,linux",
            "location": "westus",
            "logs": [],
            "name": "webapp-example-devops",
            "outbound_ip_address_list": [
              "40.83.209.48",
              "40.78.125.179",
              "52.160.80.43",
              "40.78.69.242",
              "13.64.235.109",
              "40.83.165.95",
              "13.87.189.122",
              "52.160.68.233",
              "13.88.59.239",
              "52.160.80.78",
              "13.88.56.127",
              "40.83.211.127",
              "20.59.88.3"
            ],
            "outbound_ip_addresses": "40.83.209.48,40.78.125.179,52.160.80.43,40.78.69.242,13.64.235.109,40.83.165.95,13.87.189.122,52.160.68.233,13.88.59.239,52.160.80.78,13.88.56.127,40.83.211.127,20.59.88.3",
            "possible_outbound_ip_address_list": [
              "40.83.209.48",
              "40.78.125.179",
              "52.160.80.43",
              "40.78.69.242",
              "13.64.235.109",
              "40.83.165.95",
              "13.87.189.122",
              "52.160.68.233",
              "13.88.59.239",
              "52.160.80.78",
              "13.88.56.127",
              "40.83.211.127",
              "40.83.212.4",
              "40.83.163.30",
              "40.83.208.254",
              "13.87.203.186",
              "40.83.129.55",
              "40.83.166.92",
              "13.87.203.27",
              "40.78.64.162",
              "40.78.70.55",
              "40.78.70.87",
              "40.78.70.149",
              "40.78.70.210",
              "13.91.179.7",
              "40.78.66.104",
              "40.83.209.67",
              "40.78.126.139",
              "52.160.127.62",
              "52.160.66.141",
              "20.59.88.3"
            ],
            "possible_outbound_ip_addresses": "40.83.209.48,40.78.125.179,52.160.80.43,40.78.69.242,13.64.235.109,40.83.165.95,13.87.189.122,52.160.68.233,13.88.59.239,52.160.80.78,13.88.56.127,40.83.211.127,40.83.212.4,40.83.163.30,40.83.208.254,13.87.203.186,40.83.129.55,40.83.166.92,13.87.203.27,40.78.64.162,40.78.70.55,40.78.70.87,40.78.70.149,40.78.70.210,13.91.179.7,40.78.66.104,40.83.209.67,40.78.126.139,52.160.127.62,52.160.66.141,20.59.88.3",
            "public_network_access_enabled": true,
            "resource_group_name": "rg-example-devops",
            "service_plan_id": "/subscriptions/7d77165f-feea-4fc6-8663-f82441d45873/resourceGroups/rg-example-devops/providers/Microsoft.Web/serverFarms/appserviceplan-example",
            "site_config": [
              {
                "always_on": true,
                "api_definition_url": "",
                "api_management_api_id": "",
                "app_command_line": "",
                "application_stack": [
                  {
                    "docker_image_name": "",
                    "docker_registry_password": "",
                    "docker_registry_url": "",
                    "docker_registry_username": "",
                    "dotnet_version": "",
                    "go_version": "",
                    "java_server": "",
                    "java_server_version": "",
                    "java_version": "",
                    "node_version": "",
                    "php_version": "",
                    "python_version": "3.8",
                    "ruby_version": ""
                  }
                ],
                "auto_heal_setting": [],
                "container_registry_managed_identity_client_id": "",
                "container_registry_use_managed_identity": false,
                "cors": [],
                "default_documents": [
                  "Default.htm",
                  "Default.html",
                  "Default.asp",
                  "index.htm",
                  "index.html",
                  "iisstart.htm",
                  "default.aspx",
                  "index.php",
                  "hostingstart.html"
                ],
                "detailed_error_logging_enabled": false,
                "ftps_state": "Disabled",
                "health_check_eviction_time_in_min": 0,
                "health_check_path": "",
                "http2_enabled": false,
                "ip_restriction": [],
                "ip_restriction_default_action": "Allow",
                "linux_fx_version": "PYTHON|3.8",
                "load_balancing_mode": "LeastRequests",
                "local_mysql_enabled": false,
                "managed_pipeline_mode": "Integrated",
                "minimum_tls_version": "1.2",
                "remote_debugging_enabled": false,
                "remote_debugging_version": "VS2022",
                "scm_ip_restriction": [],
                "scm_ip_restriction_default_action": "Allow",
                "scm_minimum_tls_version": "1.2",
                "scm_type": "None",
                "scm_use_main_ip_restriction": false,
                "use_32_bit_worker": true,
                "vnet_route_all_enabled": false,
                "websockets_enabled": false,
                "worker_count": 1
              }
            ],
            "site_credential": [
              {
                "name": "$webapp-example-devops",
                "password": "801F8TdhW3m0YPCbCPuCwrlpvjmn1RH6bdBjmDN4L5SpXerZdftEdzRspQ7g"
              }
            ],
            "sticky_settings": [],
            "storage_account": [],
            "tags": null,
            "timeouts": null,
            "virtual_network_subnet_id": "",
            "webdeploy_publish_basic_authentication_enabled": true,
            "zip_deploy_file": ""
          },
          "sensitive_attributes": [
            [
              {
                "type": "get_attr",
                "value": "site_credential"
              }
            ],
            [
              {
                "type": "get_attr",
                "value": "site_config"
              },
              {
                "type": "index",
                "value": {
                  "value": 0,
                  "type": "number"
                }
              },
              {
                "type": "get_attr",
                "value": "application_stack"
              },
              {
                "type": "index",
                "value": {
                  "value": 0,
                  "type": "number"
                }
              },
              {
                "type": "get_attr",
                "value": "docker_registry_password"
              }
            ],
            [
              {
                "type": "get_attr",
                "value": "custom_domain_verification_id"
              }
            ]
          ],
          "private": "eyJlMmJmYjczMC1lY2FhLTExZTYtOGY4OC0zNDM2M2JjN2M0YzAiOnsiY3JlYXRlIjoxODAwMDAwMDAwMDAwLCJkZWxldGUiOjE4MDAwMDAwMDAwMDAsInJlYWQiOjMwMDAwMDAwMDAwMCwidXBkYXRlIjoxODAwMDAwMDAwMDAwfSwic2NoZW1hX3ZlcnNpb24iOiIxIn0=",
          "dependencies": [
            "azurerm_resource_group.example",
            "azurerm_service_plan.example"
          ]
        }
      ]
    },
    {
      "mode": "managed",
      "type": "azurerm_resource_group",
      "name": "example",
      "provider": "provider[\"registry.terraform.io/hashicorp/azurerm\"]",
      "instances": [
        {
          "schema_version": 0,
          "attributes": {
            "id": "/subscriptions/7d77165f-feea-4fc6-8663-f82441d45873/resourceGroups/rg-example-devops",
            "location": "westus",
            "managed_by": "",
            "name": "rg-example-devops",
            "tags": {},
            "timeouts": null
          },
          "sensitive_attributes": [],
          "private": "eyJlMmJmYjczMC1lY2FhLTExZTYtOGY4OC0zNDM2M2JjN2M0YzAiOnsiY3JlYXRlIjo1NDAwMDAwMDAwMDAwLCJkZWxldGUiOjU0MDAwMDAwMDAwMDAsInJlYWQiOjMwMDAwMDAwMDAwMCwidXBkYXRlIjo1NDAwMDAwMDAwMDAwfX0="
        }
      ]
    },
    {
      "mode": "managed",
      "type": "azurerm_service_plan",
      "name": "example",
      "provider": "provider[\"registry.terraform.io/hashicorp/azurerm\"]",
      "instances": [
        {
          "schema_version": 1,
          "attributes": {
            "app_service_environment_id": "",
            "id": "/subscriptions/7d77165f-feea-4fc6-8663-f82441d45873/resourceGroups/rg-example-devops/providers/Microsoft.Web/serverFarms/appserviceplan-example",
            "kind": "linux",
            "location": "westus",
            "maximum_elastic_worker_count": 1,
            "name": "appserviceplan-example",
            "os_type": "Linux",
            "per_site_scaling_enabled": false,
            "reserved": true,
            "resource_group_name": "rg-example-devops",
            "sku_name": "B1",
            "tags": {},
            "timeouts": null,
            "worker_count": 1,
            "zone_balancing_enabled": false
          },
          "sensitive_attributes": [],
          "private": "eyJlMmJmYjczMC1lY2FhLTExZTYtOGY4OC0zNDM2M2JjN2M0YzAiOnsiY3JlYXRlIjozNjAwMDAwMDAwMDAwLCJkZWxldGUiOjM2MDAwMDAwMDAwMDAsInJlYWQiOjMwMDAwMDAwMDAwMCwidXBkYXRlIjozNjAwMDAwMDAwMDAwfSwic2NoZW1hX3ZlcnNpb24iOiIxIn0=",
          "dependencies": [
            "azurerm_resource_group.example"
          ]
        }
      ]
    }
  ],
  "check_results": null
}
